{
    "_readme": [
        "This file locks the dependencies of your project to a known state",
        "Read more about it at https://getcomposer.org/doc/01-basic-usage.md#installing-dependencies",
        "This file is @generated automatically"
    ],
    "content-hash": "42855d2e7b4c740a024344c261db7e78",
    "packages": [
        {
            "name": "arief-karditya/library",
            "version": "2.0.0",
            "source": {
                "type": "git",
                "url": "https://github.com/StandHereHermawan/belajar-php-composer-chapter-9.git",
                "reference": "66eec6a41f43df41b5ca61c48934abd8ff808852"
            },
            "dist": {
                "type": "zip",
                "url": "https://api.github.com/repos/StandHereHermawan/belajar-php-composer-chapter-9/zipball/66eec6a41f43df41b5ca61c48934abd8ff808852",
                "reference": "66eec6a41f43df41b5ca61c48934abd8ff808852",
                "shasum": ""
            },
            "require": {
                "php": ">=8.0"
            },
            "type": "library",
            "autoload": {
                "psr-4": {
                    "AriefMencobaTeknologi\\Data\\": "src/"
                }
            },
            "authors": [
                {
                    "name": "Arief-Karditya",
                    "email": "nolifegansaya@gmail.com"
                }
            ],
            "description": "Library untuk test upload ke repository",
            "support": {
                "source": "https://github.com/StandHereHermawan/belajar-php-composer-chapter-9/tree/2.0.0",
                "issues": "https://github.com/StandHereHermawan/belajar-php-composer-chapter-9/issues"
            },
            "time": "2024-07-29T03:18:52+00:00"
        }
    ],
    "packages-dev": [],
    "aliases": [],
    "minimum-stability": "stable",
    "stability-flags": [],
    "prefer-stable": false,
    "prefer-lowest": false,
    "platform": {
        "php": ">=8.0"
    },
    "platform-dev": [],
    "plugin-api-version": "2.6.0"
}
